
Microsoft Visual Studio Solution File, Format Version 9.00
# Visual Studio 2005
Project("{FAE04EC0-301F-11D3-BF4B-00C04F79EFBC}") = "PhoneLogGUI", "PhoneLogGUI\PhoneLogGUI.csproj", "{34ABF158-94FC-4522-95F6-B482F9ECB8C4}"
EndProject
Project("{FAE04EC0-301F-11D3-BF4B-00C04F79EFBC}") = "PhoneLogService", "PhoneLogService\PhoneLogService.csproj", "{BC80C1A1-93A1-48CA-8258-D1B3AD3351D8}"
EndProject
Project("{B900F1C2-3D47-4FEC-85B3-04AAF18C3634}") = "PhoneLog", "PhoneLog\PhoneLog.vddproj", "{0E510A45-69CB-4F52-9833-C71211EB48A3}"
EndProject
Global
	GlobalSection(SolutionConfigurationPlatforms) = preSolution
		Debug|Any CPU = Debug|Any CPU
		Release|Any CPU = Release|Any CPU
	EndGlobalSection
	GlobalSection(ProjectConfigurationPlatforms) = postSolution
		{34ABF158-94FC-4522-95F6-B482F9ECB8C4}.Debug|Any CPU.ActiveCfg = Debug|Any CPU
		{34ABF158-94FC-4522-95F6-B482F9ECB8C4}.Debug|Any CPU.Build.0 = Debug|Any CPU
		{34ABF158-94FC-4522-95F6-B482F9ECB8C4}.Debug|Any CPU.Deploy.0 = Debug|Any CPU
		{34ABF158-94FC-4522-95F6-B482F9ECB8C4}.Release|Any CPU.ActiveCfg = Release|Any CPU
		{34ABF158-94FC-4522-95F6-B482F9ECB8C4}.Release|Any CPU.Build.0 = Release|Any CPU
		{34ABF158-94FC-4522-95F6-B482F9ECB8C4}.Release|Any CPU.Deploy.0 = Release|Any CPU
		{BC80C1A1-93A1-48CA-8258-D1B3AD3351D8}.Debug|Any CPU.ActiveCfg = Debug|Any CPU
		{BC80C1A1-93A1-48CA-8258-D1B3AD3351D8}.Debug|Any CPU.Build.0 = Debug|Any CPU
		{BC80C1A1-93A1-48CA-8258-D1B3AD3351D8}.Debug|Any CPU.Deploy.0 = Debug|Any CPU
		{BC80C1A1-93A1-48CA-8258-D1B3AD3351D8}.Release|Any CPU.ActiveCfg = Release|Any CPU
		{BC80C1A1-93A1-48CA-8258-D1B3AD3351D8}.Release|Any CPU.Build.0 = Release|Any CPU
		{BC80C1A1-93A1-48CA-8258-D1B3AD3351D8}.Release|Any CPU.Deploy.0 = Release|Any CPU
		{0E510A45-69CB-4F52-9833-C71211EB48A3}.Debug|Any CPU.ActiveCfg = Debug
		{0E510A45-69CB-4F52-9833-C71211EB48A3}.Release|Any CPU.ActiveCfg = Release
	EndGlobalSection
	GlobalSection(SolutionProperties) = preSolution
		HideSolutionNode = FALSE
	EndGlobalSection
EndGlobal
